
Microsoft Visual Studio Solution File, Format Version 12.00
# Visual Studio Version 16
VisualStudioVersion = 16.0.30717.126
MinimumVisualStudioVersion = 10.0.40219.1
Project("{9A19103F-16F7-4668-BE54-9A1E7A4F7556}") = "LinkedList_CSharp", "LinkedList_CSharp\LinkedList_CSharp.csproj", "{338A0139-CDF7-4720-B768-F98F7D825975}"
EndProject
Project("{FAE04EC0-301F-11D3-BF4B-00C04F79EFBC}") = "LinkedListTesting", "LinkedListTesting\LinkedListTesting.csproj", "{EBC26A7C-12AA-48A7-AC43-75F694E65B41}"
EndProject
Global
	GlobalSection(SolutionConfigurationPlatforms) = preSolution
		Debug|Any CPU = Debug|Any CPU
		Release|Any CPU = Release|Any CPU
	EndGlobalSection
	GlobalSection(ProjectConfigurationPlatforms) = postSolution
		{338A0139-CDF7-4720-B768-F98F7D825975}.Debug|Any CPU.ActiveCfg = Debug|Any CPU
		{338A0139-CDF7-4720-B768-F98F7D825975}.Debug|Any CPU.Build.0 = Debug|Any CPU
		{338A0139-CDF7-4720-B768-F98F7D825975}.Release|Any CPU.ActiveCfg = Release|Any CPU
		{338A0139-CDF7-4720-B768-F98F7D825975}.Release|Any CPU.Build.0 = Release|Any CPU
		{EBC26A7C-12AA-48A7-AC43-75F694E65B41}.Debug|Any CPU.ActiveCfg = Debug|Any CPU
		{EBC26A7C-12AA-48A7-AC43-75F694E65B41}.Debug|Any CPU.Build.0 = Debug|Any CPU
		{EBC26A7C-12AA-48A7-AC43-75F694E65B41}.Release|Any CPU.ActiveCfg = Release|Any CPU
		{EBC26A7C-12AA-48A7-AC43-75F694E65B41}.Release|Any CPU.Build.0 = Release|Any CPU
	EndGlobalSection
	GlobalSection(SolutionProperties) = preSolution
		HideSolutionNode = FALSE
	EndGlobalSection
	GlobalSection(ExtensibilityGlobals) = postSolution
		SolutionGuid = {C497417A-162A-4CF6-B813-C215BA8BE316}
	EndGlobalSection
EndGlobal
